// !$*UTF8*$!
{
	archiveVersion = 1;
	classes = {
	};
	objectVersion = 54;
	objects = {

/* Begin PBXBuildFile section */
		0721C6A22F82629000A9BA75 /* libnative_camera_plugin.a in Frameworks */ = {isa = PBXBuildFile; fileRef = 90CAAA9424E71FF10013969F /* libnative_camera_plugin.a */; };
		0721C6C12F82639B00A9BA75 /* XCTest.framework in Frameworks */ = {isa = PBXBuildFile; fileRef = 0721C6C02F82639B00A9BA75 /* XCTest.framework */; platformFilter = ios; };
		072C41E12F8F2AA300BA4867 /* AVFoundation.framework in Frameworks */ = {isa = PBXBuildFile; fileRef = 072C41E02F8F2AA200BA4867 /* AVFoundation.framework */; };
		078F64A12FAF0C8A005B6CE8 /* CameraInfoTests.swift in Sources */ = {isa = PBXBuildFile; fileRef = 078F649F2FAF0C8A005B6CE8 /* CameraInfoTests.swift */; };
		078F64A22FAF0C8A005B6CE8 /* NativeCameraAutoUprightTests.swift in Sources */ = {isa = PBXBuildFile; fileRef = 078F64A02FAF0C8A005B6CE8 /* NativeCameraAutoUprightTests.swift */; };
		07A6C6802F8F73FE00F484DA /* NativeCameraTests.swift in Sources */ = {isa = PBXBuildFile; fileRef = 07A6C67C2F8F73FE00F484DA /* NativeCameraTests.swift */; };
		07A6C6812F8F73FE00F484DA /* TestFixtures.swift in Sources */ = {isa = PBXBuildFile; fileRef = 07A6C6782F8F73FE00F484DA /* TestFixtures.swift */; };
		07A6C6822F8F73FE00F484DA /* WrapperTests.mm in Sources */ = {isa = PBXBuildFile; fileRef = 07A6C67D2F8F73FE00F484DA /* WrapperTests.mm */; };
		07A6C6832F8F73FE00F484DA /* FrameRequestTests.mm in Sources */ = {isa = PBXBuildFile; fileRef = 07A6C67A2F8F73FE00F484DA /* FrameRequestTests.mm */; };
		07DF21712F3EE0E500E2725C /* CameraInfo.swift in Sources */ = {isa = PBXBuildFile; fileRef = 07DF215E2F3EE0E500E2725C /* CameraInfo.swift */; };
		07DF21722F3EE0E500E2725C /* native_camera_logger.mm in Sources */ = {isa = PBXBuildFile; fileRef = 07DF21692F3EE0E500E2725C /* native_camera_logger.mm */; };
		07DF21732F3EE0E500E2725C /* frame_size_wrapper.mm in Sources */ = {isa = PBXBuildFile; fileRef = 07DF21642F3EE0E500E2725C /* frame_size_wrapper.mm */; };
		07DF21742F3EE0E500E2725C /* frame_request.mm in Sources */ = {isa = PBXBuildFile; fileRef = 07DF21622F3EE0E500E2725C /* frame_request.mm */; };
		07DF21752F3EE0E500E2725C /* native_camera_plugin_bootstrap.mm in Sources */ = {isa = PBXBuildFile; fileRef = 07DF216D2F3EE0E500E2725C /* native_camera_plugin_bootstrap.mm */; };
		07DF21762F3EE0E500E2725C /* frame_info_wrapper.mm in Sources */ = {isa = PBXBuildFile; fileRef = 07DF21602F3EE0E500E2725C /* frame_info_wrapper.mm */; };
		07DF21772F3EE0E500E2725C /* FrameInfo.swift in Sources */ = {isa = PBXBuildFile; fileRef = 07DF21652F3EE0E500E2725C /* FrameInfo.swift */; };
		07DF21782F3EE0E500E2725C /* camera_info_wrapper.mm in Sources */ = {isa = PBXBuildFile; fileRef = 07DF215D2F3EE0E500E2725C /* camera_info_wrapper.mm */; };
		07DF21792F3EE0E500E2725C /* native_camera_plugin.mm in Sources */ = {isa = PBXBuildFile; fileRef = 07DF216B2F3EE0E500E2725C /* native_camera_plugin.mm */; };
		07DF217A2F3EE0E500E2725C /* NativeCamera.swift in Sources */ = {isa = PBXBuildFile; fileRef = 07DF216F2F3EE0E500E2725C /* NativeCamera.swift */; };
		07DF217B2F3EE0E500E2725C /* FrameSize.swift in Sources */ = {isa = PBXBuildFile; fileRef = 07DF21662F3EE0E500E2725C /* FrameSize.swift */; };
/* End PBXBuildFile section */

/* Begin PBXContainerItemProxy section */
		0721C6A32F82629000A9BA75 /* PBXContainerItemProxy */ = {
			isa = PBXContainerItemProxy;
			containerPortal = 90CAAA8C24E71FF10013969F /* Project object */;
			proxyType = 1;
			remoteGlobalIDString = 90CAAA9324E71FF10013969F;
			remoteInfo = native_camera_plugin;
		};
/* End PBXContainerItemProxy section */

/* Begin PBXCopyFilesBuildPhase section */
		90CAAA9224E71FF10013969F /* CopyFiles */ = {
			isa = PBXCopyFilesBuildPhase;
			buildActionMask = 2147483647;
			dstPath = "include/$(PRODUCT_NAME)";
			dstSubfolderSpec = 16;
			files = (
			);
			runOnlyForDeploymentPostprocessing = 0;
		};
/* End PBXCopyFilesBuildPhase section */

/* Begin PBXFileReference section */
		0721C69E2F82629000A9BA75 /* native_camera_plugin_tests.xctest */ = {isa = PBXFileReference; explicitFileType = wrapper.cfbundle; includeInIndex = 0; path = native_camera_plugin_tests.xctest; sourceTree = BUILT_PRODUCTS_DIR; };
		0721C6C02F82639B00A9BA75 /* XCTest.framework */ = {isa = PBXFileReference; lastKnownFileType = wrapper.framework; name = XCTest.framework; path = Platforms/iPhoneOS.platform/Developer/Library/Frameworks/XCTest.framework; sourceTree = DEVELOPER_DIR; };
		072C41E02F8F2AA200BA4867 /* AVFoundation.framework */ = {isa = PBXFileReference; lastKnownFileType = wrapper.framework; name = AVFoundation.framework; path = Platforms/MacOSX.platform/Developer/SDKs/MacOSX26.0.sdk/System/Library/Frameworks/AVFoundation.framework; sourceTree = DEVELOPER_DIR; };
		078F649F2FAF0C8A005B6CE8 /* CameraInfoTests.swift */ = {isa = PBXFileReference; lastKnownFileType = sourcecode.swift; path = CameraInfoTests.swift; sourceTree = "<group>"; };
		078F64A02FAF0C8A005B6CE8 /* NativeCameraAutoUprightTests.swift */ = {isa = PBXFileReference; lastKnownFileType = sourcecode.swift; path = NativeCameraAutoUprightTests.swift; sourceTree = "<group>"; };
		07A6C6782F8F73FE00F484DA /* TestFixtures.swift */ = {isa = PBXFileReference; lastKnownFileType = sourcecode.swift; path = TestFixtures.swift; sourceTree = "<group>"; };
		07A6C67A2F8F73FE00F484DA /* FrameRequestTests.mm */ = {isa = PBXFileReference; lastKnownFileType = sourcecode.cpp.objcpp; path = FrameRequestTests.mm; sourceTree = "<group>"; };
		07A6C67B2F8F73FE00F484DA /* native_camera_test_helpers.h */ = {isa = PBXFileReference; lastKnownFileType = sourcecode.c.h; path = native_camera_test_helpers.h; sourceTree = "<group>"; };
		07A6C67C2F8F73FE00F484DA /* NativeCameraTests.swift */ = {isa = PBXFileReference; lastKnownFileType = sourcecode.swift; path = NativeCameraTests.swift; sourceTree = "<group>"; };
		07A6C67D2F8F73FE00F484DA /* WrapperTests.mm */ = {isa = PBXFileReference; lastKnownFileType = sourcecode.cpp.objcpp; path = WrapperTests.mm; sourceTree = "<group>"; };
		07DF215C2F3EE0E500E2725C /* camera_info_wrapper.h */ = {isa = PBXFileReference; lastKnownFileType = sourcecode.c.h; path = camera_info_wrapper.h; sourceTree = "<group>"; };
		07DF215D2F3EE0E500E2725C /* camera_info_wrapper.mm */ = {isa = PBXFileReference; lastKnownFileType = sourcecode.cpp.objcpp; path = camera_info_wrapper.mm; sourceTree = "<group>"; };
		07DF215E2F3EE0E500E2725C /* CameraInfo.swift */ = {isa = PBXFileReference; lastKnownFileType = sourcecode.swift; path = CameraInfo.swift; sourceTree = "<group>"; };
		07DF215F2F3EE0E500E2725C /* frame_info_wrapper.h */ = {isa = PBXFileReference; lastKnownFileType = sourcecode.c.h; path = frame_info_wrapper.h; sourceTree = "<group>"; };
		07DF21602F3EE0E500E2725C /* frame_info_wrapper.mm */ = {isa = PBXFileReference; lastKnownFileType = sourcecode.cpp.objcpp; path = frame_info_wrapper.mm; sourceTree = "<group>"; };
		07DF21612F3EE0E500E2725C /* frame_request.h */ = {isa = PBXFileReference; lastKnownFileType = sourcecode.c.h; path = frame_request.h; sourceTree = "<group>"; };
		07DF21622F3EE0E500E2725C /* frame_request.mm */ = {isa = PBXFileReference; lastKnownFileType = sourcecode.cpp.objcpp; path = frame_request.mm; sourceTree = "<group>"; };
		07DF21632F3EE0E500E2725C /* frame_size_wrapper.h */ = {isa = PBXFileReference; lastKnownFileType = sourcecode.c.h; path = frame_size_wrapper.h; sourceTree = "<group>"; };
		07DF21642F3EE0E500E2725C /* frame_size_wrapper.mm */ = {isa = PBXFileReference; lastKnownFileType = sourcecode.cpp.objcpp; path = frame_size_wrapper.mm; sourceTree = "<group>"; };
		07DF21652F3EE0E500E2725C /* FrameInfo.swift */ = {isa = PBXFileReference; lastKnownFileType = sourcecode.swift; path = FrameInfo.swift; sourceTree = "<group>"; };
		07DF21662F3EE0E500E2725C /* FrameSize.swift */ = {isa = PBXFileReference; lastKnownFileType = sourcecode.swift; path = FrameSize.swift; sourceTree = "<group>"; };
		07DF21682F3EE0E500E2725C /* native_camera_logger.h */ = {isa = PBXFileReference; lastKnownFileType = sourcecode.c.h; path = native_camera_logger.h; sourceTree = "<group>"; };
		07DF21692F3EE0E500E2725C /* native_camera_logger.mm */ = {isa = PBXFileReference; lastKnownFileType = sourcecode.cpp.objcpp; path = native_camera_logger.mm; sourceTree = "<group>"; };
		07DF216A2F3EE0E500E2725C /* native_camera_plugin.h */ = {isa = PBXFileReference; lastKnownFileType = sourcecode.c.h; path = native_camera_plugin.h; sourceTree = "<group>"; };
		07DF216B2F3EE0E500E2725C /* native_camera_plugin.mm */ = {isa = PBXFileReference; lastKnownFileType = sourcecode.cpp.objcpp; path = native_camera_plugin.mm; sourceTree = "<group>"; };
		07DF216C2F3EE0E500E2725C /* native_camera_plugin_bootstrap.h */ = {isa = PBXFileReference; lastKnownFileType = sourcecode.c.h; path = native_camera_plugin_bootstrap.h; sourceTree = "<group>"; };
		07DF216D2F3EE0E500E2725C /* native_camera_plugin_bootstrap.mm */ = {isa = PBXFileReference; lastKnownFileType = sourcecode.cpp.objcpp; path = native_camera_plugin_bootstrap.mm; sourceTree = "<group>"; };
		07DF216E2F3EE0E500E2725C /* native_camera_plugin-Bridging-Header.h */ = {isa = PBXFileReference; lastKnownFileType = sourcecode.c.h; path = "native_camera_plugin-Bridging-Header.h"; sourceTree = "<group>"; };
		07DF216F2F3EE0E500E2725C /* NativeCamera.swift */ = {isa = PBXFileReference; lastKnownFileType = sourcecode.swift; path = NativeCamera.swift; sourceTree = "<group>"; };
		90CAAA9424E71FF10013969F /* libnative_camera_plugin.a */ = {isa = PBXFileReference; explicitFileType = archive.ar; includeInIndex = 0; path = libnative_camera_plugin.a; sourceTree = BUILT_PRODUCTS_DIR; };
/* End PBXFileReference section */

/* Begin PBXFrameworksBuildPhase section */
		0721C69B2F82629000A9BA75 /* Frameworks */ = {
			isa = PBXFrameworksBuildPhase;
			buildActionMask = 2147483647;
			files = (
				0721C6C12F82639B00A9BA75 /* XCTest.framework in Frameworks */,
				0721C6A22F82629000A9BA75 /* libnative_camera_plugin.a in Frameworks */,
				072C41E12F8F2AA300BA4867 /* AVFoundation.framework in Frameworks */,
			);
			runOnlyForDeploymentPostprocessing = 0;
		};
		90CAAA9124E71FF10013969F /* Frameworks */ = {
			isa = PBXFrameworksBuildPhase;
			buildActionMask = 2147483647;
			files = (
			);
			runOnlyForDeploymentPostprocessing = 0;
		};
/* End PBXFrameworksBuildPhase section */

/* Begin PBXGroup section */
		07A6C6792F8F73FE00F484DA /* fixtures */ = {
			isa = PBXGroup;
			children = (
				07A6C6782F8F73FE00F484DA /* TestFixtures.swift */,
			);
			path = fixtures;
			sourceTree = "<group>";
		};
		07A6C67E2F8F73FE00F484DA /* unit */ = {
			isa = PBXGroup;
			children = (
				078F649F2FAF0C8A005B6CE8 /* CameraInfoTests.swift */,
				078F64A02FAF0C8A005B6CE8 /* NativeCameraAutoUprightTests.swift */,
				07A6C67A2F8F73FE00F484DA /* FrameRequestTests.mm */,
				07A6C67B2F8F73FE00F484DA /* native_camera_test_helpers.h */,
				07A6C67C2F8F73FE00F484DA /* NativeCameraTests.swift */,
				07A6C67D2F8F73FE00F484DA /* WrapperTests.mm */,
			);
			path = unit;
			sourceTree = "<group>";
		};
		07A6C67F2F8F73FE00F484DA /* test */ = {
			isa = PBXGroup;
			children = (
				07A6C6792F8F73FE00F484DA /* fixtures */,
				07A6C67E2F8F73FE00F484DA /* unit */,
			);
			path = test;
			sourceTree = "<group>";
		};
		07DF21672F3EE0E500E2725C /* model */ = {
			isa = PBXGroup;
			children = (
				07DF215C2F3EE0E500E2725C /* camera_info_wrapper.h */,
				07DF215D2F3EE0E500E2725C /* camera_info_wrapper.mm */,
				07DF215E2F3EE0E500E2725C /* CameraInfo.swift */,
				07DF215F2F3EE0E500E2725C /* frame_info_wrapper.h */,
				07DF21602F3EE0E500E2725C /* frame_info_wrapper.mm */,
				07DF21612F3EE0E500E2725C /* frame_request.h */,
				07DF21622F3EE0E500E2725C /* frame_request.mm */,
				07DF21632F3EE0E500E2725C /* frame_size_wrapper.h */,
				07DF21642F3EE0E500E2725C /* frame_size_wrapper.mm */,
				07DF21652F3EE0E500E2725C /* FrameInfo.swift */,
				07DF21662F3EE0E500E2725C /* FrameSize.swift */,
			);
			path = model;
			sourceTree = "<group>";
		};
		07DF21702F3EE0E500E2725C /* src */ = {
			isa = PBXGroup;
			children = (
				07DF21672F3EE0E500E2725C /* model */,
				07DF21682F3EE0E500E2725C /* native_camera_logger.h */,
				07DF21692F3EE0E500E2725C /* native_camera_logger.mm */,
				07DF216A2F3EE0E500E2725C /* native_camera_plugin.h */,
				07DF216B2F3EE0E500E2725C /* native_camera_plugin.mm */,
				07DF216C2F3EE0E500E2725C /* native_camera_plugin_bootstrap.h */,
				07DF216D2F3EE0E500E2725C /* native_camera_plugin_bootstrap.mm */,
				07DF216E2F3EE0E500E2725C /* native_camera_plugin-Bridging-Header.h */,
				07DF216F2F3EE0E500E2725C /* NativeCamera.swift */,
			);
			path = src;
			sourceTree = "<group>";
		};
		90CAAA8B24E71FF10013969F = {
			isa = PBXGroup;
			children = (
				07A6C67F2F8F73FE00F484DA /* test */,
				07DF21702F3EE0E500E2725C /* src */,
				90CAAA9524E71FF10013969F /* Products */,
				90CAAAA824E72A8A0013969F /* Frameworks */,
			);
			sourceTree = "<group>";
		};
		90CAAA9524E71FF10013969F /* Products */ = {
			isa = PBXGroup;
			children = (
				90CAAA9424E71FF10013969F /* libnative_camera_plugin.a */,
				0721C69E2F82629000A9BA75 /* native_camera_plugin_tests.xctest */,
			);
			name = Products;
			sourceTree = "<group>";
		};
		90CAAAA824E72A8A0013969F /* Frameworks */ = {
			isa = PBXGroup;
			children = (
				0721C6C02F82639B00A9BA75 /* XCTest.framework */,
				072C41E02F8F2AA200BA4867 /* AVFoundation.framework */,
			);
			name = Frameworks;
			sourceTree = "<group>";
		};
/* End PBXGroup section */

/* Begin PBXNativeTarget section */
		0721C69D2F82629000A9BA75 /* native_camera_plugin_tests */ = {
			isa = PBXNativeTarget;
			buildConfigurationList = 0721C6A72F82629000A9BA75 /* Build configuration list for PBXNativeTarget "native_camera_plugin_tests" */;
			buildPhases = (
				0721C69A2F82629000A9BA75 /* Sources */,
				0721C69B2F82629000A9BA75 /* Frameworks */,
				0721C69C2F82629000A9BA75 /* Resources */,
			);
			buildRules = (
			);
			dependencies = (
				0721C6A42F82629000A9BA75 /* PBXTargetDependency */,
			);
			name = native_camera_plugin_tests;
			packageProductDependencies = (
			);
			productName = native_camera_plugin_tests;
			productReference = 0721C69E2F82629000A9BA75 /* native_camera_plugin_tests.xctest */;
			productType = "com.apple.product-type.bundle.unit-test";
		};
		90CAAA9324E71FF10013969F /* native_camera_plugin */ = {
			isa = PBXNativeTarget;
			buildConfigurationList = 90CAAA9D24E71FF10013969F /* Build configuration list for PBXNativeTarget "native_camera_plugin" */;
			buildPhases = (
				90CAAA9024E71FF10013969F /* Sources */,
				90CAAA9124E71FF10013969F /* Frameworks */,
				90CAAA9224E71FF10013969F /* CopyFiles */,
			);
			buildRules = (
			);
			dependencies = (
			);
			name = native_camera_plugin;
			productName = native_camera_plugin;
			productReference = 90CAAA9424E71FF10013969F /* libnative_camera_plugin.a */;
			productType = "com.apple.product-type.library.static";
		};
/* End PBXNativeTarget section */

/* Begin PBXProject section */
		90CAAA8C24E71FF10013969F /* Project object */ = {
			isa = PBXProject;
			attributes = {
				BuildIndependentTargetsInParallel = YES;
				LastSwiftUpdateCheck = 2600;
				LastUpgradeCheck = 2600;
				ORGANIZATIONNAME = Godot;
				TargetAttributes = {
					0721C69D2F82629000A9BA75 = {
						CreatedOnToolsVersion = 26.0;
					};
					90CAAA9324E71FF10013969F = {
						CreatedOnToolsVersion = 11.6;
						LastSwiftMigration = 1230;
					};
				};
			};
			buildConfigurationList = 90CAAA8F24E71FF10013969F /* Build configuration list for PBXProject "plugin" */;
			compatibilityVersion = "Xcode 9.3";
			developmentRegion = en;
			hasScannedForEncodings = 0;
			knownRegions = (
				en,
				Base,
			);
			mainGroup = 90CAAA8B24E71FF10013969F;
			productRefGroup = 90CAAA9524E71FF10013969F /* Products */;
			projectDirPath = "";
			projectRoot = "";
			targets = (
				90CAAA9324E71FF10013969F /* native_camera_plugin */,
				0721C69D2F82629000A9BA75 /* native_camera_plugin_tests */,
			);
		};
/* End PBXProject section */

/* Begin PBXResourcesBuildPhase section */
		0721C69C2F82629000A9BA75 /* Resources */ = {
			isa = PBXResourcesBuildPhase;
			buildActionMask = 2147483647;
			files = (
			);
			runOnlyForDeploymentPostprocessing = 0;
		};
/* End PBXResourcesBuildPhase section */

/* Begin PBXSourcesBuildPhase section */
		0721C69A2F82629000A9BA75 /* Sources */ = {
			isa = PBXSourcesBuildPhase;
			buildActionMask = 2147483647;
			files = (
				07A6C6802F8F73FE00F484DA /* NativeCameraTests.swift in Sources */,
				078F64A12FAF0C8A005B6CE8 /* CameraInfoTests.swift in Sources */,
				078F64A22FAF0C8A005B6CE8 /* NativeCameraAutoUprightTests.swift in Sources */,
				07A6C6812F8F73FE00F484DA /* TestFixtures.swift in Sources */,
				07A6C6822F8F73FE00F484DA /* WrapperTests.mm in Sources */,
				07A6C6832F8F73FE00F484DA /* FrameRequestTests.mm in Sources */,
			);
			runOnlyForDeploymentPostprocessing = 0;
		};
		90CAAA9024E71FF10013969F /* Sources */ = {
			isa = PBXSourcesBuildPhase;
			buildActionMask = 2147483647;
			files = (
				07DF21712F3EE0E500E2725C /* CameraInfo.swift in Sources */,
				07DF21722F3EE0E500E2725C /* native_camera_logger.mm in Sources */,
				07DF21732F3EE0E500E2725C /* frame_size_wrapper.mm in Sources */,
				07DF21742F3EE0E500E2725C /* frame_request.mm in Sources */,
				07DF21752F3EE0E500E2725C /* native_camera_plugin_bootstrap.mm in Sources */,
				07DF21762F3EE0E500E2725C /* frame_info_wrapper.mm in Sources */,
				07DF21772F3EE0E500E2725C /* FrameInfo.swift in Sources */,
				07DF21782F3EE0E500E2725C /* camera_info_wrapper.mm in Sources */,
				07DF21792F3EE0E500E2725C /* native_camera_plugin.mm in Sources */,
				07DF217A2F3EE0E500E2725C /* NativeCamera.swift in Sources */,
				07DF217B2F3EE0E500E2725C /* FrameSize.swift in Sources */,
			);
			runOnlyForDeploymentPostprocessing = 0;
		};
/* End PBXSourcesBuildPhase section */

/* Begin PBXTargetDependency section */
		0721C6A42F82629000A9BA75 /* PBXTargetDependency */ = {
			isa = PBXTargetDependency;
			target = 90CAAA9324E71FF10013969F /* native_camera_plugin */;
			targetProxy = 0721C6A32F82629000A9BA75 /* PBXContainerItemProxy */;
		};
/* End PBXTargetDependency section */

/* Begin XCBuildConfiguration section */
		0721C6A52F82629000A9BA75 /* Debug */ = {
			isa = XCBuildConfiguration;
			buildSettings = {
				ASSETCATALOG_COMPILER_GENERATE_SWIFT_ASSET_SYMBOL_EXTENSIONS = YES;
				CLANG_ALLOW_NON_MODULAR_INCLUDES_IN_FRAMEWORK_MODULES = YES;
				CLANG_CXX_LANGUAGE_STANDARD = "gnu++17";
				CLANG_ENABLE_MODULES = YES;
				CLANG_WARN_QUOTED_INCLUDE_IN_FRAMEWORK_HEADER = YES;
				CODE_SIGN_STYLE = Automatic;
				CURRENT_PROJECT_VERSION = 1;
				DEVELOPMENT_TEAM = UC9RM2H3ML;
				ENABLE_USER_SCRIPT_SANDBOXING = YES;
				GCC_C_LANGUAGE_STANDARD = gnu17;
				GENERATE_INFOPLIST_FILE = YES;
				GODOT_DIR = "$(SRCROOT)/godot";
				HEADER_SEARCH_PATHS = (
					"$(inherited)",
					"$(CONFIGURATION_TEMP_DIR)/native_camera_plugin.build/DerivedSources",
					"$(SRCROOT)/test/fixtures",
					"$(SRCROOT)/src",
				);
				IPHONEOS_DEPLOYMENT_TARGET = 16.0;
				LD_RUNPATH_SEARCH_PATHS = (
					"$(inherited)",
					"@executable_path/Frameworks",
					"@loader_path/Frameworks",
				);
				LIBRARY_SEARCH_PATHS = (
					"$(inherited)",
					"$(GODOT_DIR)/bin",
				);
				LOCALIZATION_PREFERS_STRING_CATALOGS = YES;
				MARKETING_VERSION = 1.0;
				OTHER_CFLAGS = (
					"-g",
					"-DDEBUG",
					"-DDEBUG_ENABLED",
					"-DDEBUG_MEMORY_ALLOC",
					"-DDISABLE_FORCED_INLINE",
					"-DTYPED_METHOD_BIND",
					"-fmodules",
					"-fobjc-arc",
					"-fmessage-length=0",
					"-fno-strict-aliasing",
					"-fdiagnostics-print-source-range-info",
					"-fdiagnostics-show-category=id",
					"-fdiagnostics-parseable-fixits",
					"-fpascal-strings",
					"-fblocks",
					"-fvisibility=hidden",
					"-MMD",
					"-fno-exceptions",
					"-Wno-ambiguous-macro",
					"-Wall",
					"-Werror=return-type",
					"-DPTRCALL_ENABLED",
				);
				OTHER_CPLUSPLUSFLAGS = (
					"-fcxx-modules",
					"-gdwarf-2",
					"-O0",
					"-DDEBUG_MEMORY_ALLOC",
					"-DDISABLE_FORCED_INLINE",
					"-D_DEBUG",
					"-DDEBUG=1",
					"-DDEBUG_ENABLED",
					"-DVERSION_4_0",
					"-DIOS_ENABLED",
					"-DNEED_LONG_INT",
					"-DLIBYUV_DISABLE_NEON",
					"-DIPHONE_ENABLED",
					"-DUNIX_ENABLED",
					"-DCOREAUDIO_ENABLED",
					"-DAPPLE_EMBEDDED_ENABLED",
					"-isystem",
					"$(GODOT_DIR)",
					"-isystem",
					"$(GODOT_DIR)/drivers/apple_embedded",
					"-isystem",
					"$(GODOT_DIR)/platform/ios",
				);
				OTHER_LDFLAGS = (
					"$(inherited)",
					"$(GODOT_DIR)/bin/libgodot.ios.template_debug.$(CURRENT_ARCH).simulator.a",
				);
				PRODUCT_BUNDLE_IDENTIFIER = "org.godotengine.plugin.native-camera-unit-tests";
				PRODUCT_NAME = "$(TARGET_NAME)";
				STRING_CATALOG_GENERATE_SYMBOLS = NO;
				SWIFT_ACTIVE_COMPILATION_CONDITIONS = "DEBUG $(inherited)";
				SWIFT_APPROACHABLE_CONCURRENCY = YES;
				SWIFT_EMIT_LOC_STRINGS = NO;
				SWIFT_OPTIMIZATION_LEVEL = "-Onone";
				SWIFT_UPCOMING_FEATURE_MEMBER_IMPORT_VISIBILITY = YES;
				SWIFT_VERSION = 5.9;
				TARGETED_DEVICE_FAMILY = "1,2";
			};
			name = Debug;
		};
		0721C6A62F82629000A9BA75 /* Release */ = {
			isa = XCBuildConfiguration;
			buildSettings = {
				ASSETCATALOG_COMPILER_GENERATE_SWIFT_ASSET_SYMBOL_EXTENSIONS = YES;
				CLANG_ALLOW_NON_MODULAR_INCLUDES_IN_FRAMEWORK_MODULES = YES;
				CLANG_CXX_LANGUAGE_STANDARD = "gnu++17";
				CLANG_ENABLE_MODULES = YES;
				CLANG_WARN_QUOTED_INCLUDE_IN_FRAMEWORK_HEADER = YES;
				CODE_SIGN_STYLE = Automatic;
				CURRENT_PROJECT_VERSION = 1;
				DEVELOPMENT_TEAM = UC9RM2H3ML;
				ENABLE_USER_SCRIPT_SANDBOXING = YES;
				GCC_C_LANGUAGE_STANDARD = gnu17;
				GENERATE_INFOPLIST_FILE = YES;
				GODOT_DIR = "$(SRCROOT)/godot";
				HEADER_SEARCH_PATHS = (
					"$(inherited)",
					"$(CONFIGURATION_TEMP_DIR)/native_camera_plugin.build/DerivedSources",
					"$(SRCROOT)/test/fixtures",
					"$(SRCROOT)/src",
				);
				IPHONEOS_DEPLOYMENT_TARGET = 16.0;
				LD_RUNPATH_SEARCH_PATHS = (
					"$(inherited)",
					"@executable_path/Frameworks",
					"@loader_path/Frameworks",
				);
				LIBRARY_SEARCH_PATHS = (
					"$(inherited)",
					"$(GODOT_DIR)/bin",
				);
				LOCALIZATION_PREFERS_STRING_CATALOGS = YES;
				MARKETING_VERSION = 1.0;
				OTHER_CFLAGS = (
					"-fmodules",
					"-fobjc-arc",
					"-fmessage-length=0",
					"-fno-strict-aliasing",
					"-fdiagnostics-print-source-range-info",
					"-fdiagnostics-show-category=id",
					"-fdiagnostics-parseable-fixits",
					"-fpascal-strings",
					"-fblocks",
					"-fvisibility=hidden",
					"-MMD",
					"-fno-exceptions",
					"-Wno-ambiguous-macro",
					"-Wall",
					"-Werror=return-type",
					"-DPTRCALL_ENABLED",
				);
				OTHER_CPLUSPLUSFLAGS = (
					"-fcxx-modules",
					"-O2",
					"-ftree-vectorize",
					"-DNDEBUG",
					"-DNS_BLOCK_ASSERTIONS=1",
					"-DVERSION_4_0",
					"-DIOS_ENABLED",
					"-DNEED_LONG_INT",
					"-DLIBYUV_DISABLE_NEON",
					"-DIPHONE_ENABLED",
					"-DUNIX_ENABLED",
					"-DCOREAUDIO_ENABLED",
					"-DAPPLE_EMBEDDED_ENABLED",
					"-isystem",
					"$(GODOT_DIR)",
					"-isystem",
					"$(GODOT_DIR)/drivers/apple_embedded",
					"-isystem",
					"$(GODOT_DIR)/platform/ios",
				);
				OTHER_LDFLAGS = (
					"$(inherited)",
					"$(GODOT_DIR)/bin/libgodot.ios.template_debug.$(CURRENT_ARCH).simulator.a",
				);
				PRODUCT_BUNDLE_IDENTIFIER = "org.godotengine.plugin.native-camera-unit-tests";
				PRODUCT_NAME = "$(TARGET_NAME)";
				STRING_CATALOG_GENERATE_SYMBOLS = NO;
				SWIFT_APPROACHABLE_CONCURRENCY = YES;
				SWIFT_COMPILATION_MODE = wholemodule;
				SWIFT_EMIT_LOC_STRINGS = NO;
				SWIFT_UPCOMING_FEATURE_MEMBER_IMPORT_VISIBILITY = YES;
				SWIFT_VERSION = 5.9;
				TARGETED_DEVICE_FAMILY = "1,2";
			};
			name = Release;
		};
		90CAAA9B24E71FF10013969F /* Debug */ = {
			isa = XCBuildConfiguration;
			buildSettings = {
				ALWAYS_SEARCH_USER_PATHS = NO;
				CLANG_ANALYZER_NONNULL = YES;
				CLANG_ANALYZER_NUMBER_OBJECT_CONVERSION = YES_AGGRESSIVE;
				CLANG_CXX_LANGUAGE_STANDARD = "gnu++17";
				CLANG_CXX_LIBRARY = "libc++";
				CLANG_ENABLE_MODULES = YES;
				CLANG_ENABLE_OBJC_ARC = YES;
				CLANG_ENABLE_OBJC_WEAK = YES;
				CLANG_WARN_BLOCK_CAPTURE_AUTORELEASING = YES;
				CLANG_WARN_BOOL_CONVERSION = YES;
				CLANG_WARN_COMMA = YES;
				CLANG_WARN_CONSTANT_CONVERSION = YES;
				CLANG_WARN_DEPRECATED_OBJC_IMPLEMENTATIONS = YES;
				CLANG_WARN_DIRECT_OBJC_ISA_USAGE = YES_ERROR;
				CLANG_WARN_DOCUMENTATION_COMMENTS = YES;
				CLANG_WARN_EMPTY_BODY = YES;
				CLANG_WARN_ENUM_CONVERSION = YES;
				CLANG_WARN_INFINITE_RECURSION = YES;
				CLANG_WARN_INT_CONVERSION = YES;
				CLANG_WARN_NON_LITERAL_NULL_CONVERSION = YES;
				CLANG_WARN_OBJC_IMPLICIT_RETAIN_SELF = YES;
				CLANG_WARN_OBJC_LITERAL_CONVERSION = YES;
				CLANG_WARN_OBJC_ROOT_CLASS = YES_ERROR;
				CLANG_WARN_QUOTED_INCLUDE_IN_FRAMEWORK_HEADER = YES;
				CLANG_WARN_RANGE_LOOP_ANALYSIS = YES;
				CLANG_WARN_STRICT_PROTOTYPES = YES;
				CLANG_WARN_SUSPICIOUS_MOVE = YES;
				CLANG_WARN_UNGUARDED_AVAILABILITY = YES_AGGRESSIVE;
				CLANG_WARN_UNREACHABLE_CODE = YES;
				CLANG_WARN__DUPLICATE_METHOD_MATCH = YES;
				COPY_PHASE_STRIP = NO;
				DEBUG_INFORMATION_FORMAT = dwarf;
				DEFINES_MODULE = YES;
				ENABLE_STRICT_OBJC_MSGSEND = YES;
				ENABLE_TESTABILITY = YES;
				GCC_C_LANGUAGE_STANDARD = gnu11;
				GCC_DYNAMIC_NO_PIC = NO;
				GCC_NO_COMMON_BLOCKS = YES;
				GCC_OPTIMIZATION_LEVEL = 0;
				GCC_PREPROCESSOR_DEFINITIONS = (
					"DEBUG=1",
					"$(inherited)",
				);
				GCC_WARN_64_TO_32_BIT_CONVERSION = YES;
				GCC_WARN_ABOUT_RETURN_TYPE = YES_ERROR;
				GCC_WARN_UNDECLARED_SELECTOR = YES;
				GCC_WARN_UNINITIALIZED_AUTOS = YES_AGGRESSIVE;
				GCC_WARN_UNUSED_FUNCTION = YES;
				GCC_WARN_UNUSED_VARIABLE = YES;
				IPHONEOS_DEPLOYMENT_TARGET = 16.0;
				MTL_ENABLE_DEBUG_INFO = INCLUDE_SOURCE;
				MTL_FAST_MATH = YES;
				ONLY_ACTIVE_ARCH = YES;
				SDKROOT = iphoneos;
			};
			name = Debug;
		};
		90CAAA9C24E71FF10013969F /* Release */ = {
			isa = XCBuildConfiguration;
			buildSettings = {
				ALWAYS_SEARCH_USER_PATHS = NO;
				CLANG_ANALYZER_NONNULL = YES;
				CLANG_ANALYZER_NUMBER_OBJECT_CONVERSION = YES_AGGRESSIVE;
				CLANG_CXX_LANGUAGE_STANDARD = "gnu++17";
				CLANG_CXX_LIBRARY = "libc++";
				CLANG_ENABLE_MODULES = YES;
				CLANG_ENABLE_OBJC_ARC = YES;
				CLANG_ENABLE_OBJC_WEAK = YES;
				CLANG_WARN_BLOCK_CAPTURE_AUTORELEASING = YES;
				CLANG_WARN_BOOL_CONVERSION = YES;
				CLANG_WARN_COMMA = YES;
				CLANG_WARN_CONSTANT_CONVERSION = YES;
				CLANG_WARN_DEPRECATED_OBJC_IMPLEMENTATIONS = YES;
				CLANG_WARN_DIRECT_OBJC_ISA_USAGE = YES_ERROR;
				CLANG_WARN_DOCUMENTATION_COMMENTS = YES;
				CLANG_WARN_EMPTY_BODY = YES;
				CLANG_WARN_ENUM_CONVERSION = YES;
				CLANG_WARN_INFINITE_RECURSION = YES;
				CLANG_WARN_INT_CONVERSION = YES;
				CLANG_WARN_NON_LITERAL_NULL_CONVERSION = YES;
				CLANG_WARN_OBJC_IMPLICIT_RETAIN_SELF = YES;
				CLANG_WARN_OBJC_LITERAL_CONVERSION = YES;
				CLANG_WARN_OBJC_ROOT_CLASS = YES_ERROR;
				CLANG_WARN_QUOTED_INCLUDE_IN_FRAMEWORK_HEADER = YES;
				CLANG_WARN_RANGE_LOOP_ANALYSIS = YES;
				CLANG_WARN_STRICT_PROTOTYPES = YES;
				CLANG_WARN_SUSPICIOUS_MOVE = YES;
				CLANG_WARN_UNGUARDED_AVAILABILITY = YES_AGGRESSIVE;
				CLANG_WARN_UNREACHABLE_CODE = YES;
				CLANG_WARN__DUPLICATE_METHOD_MATCH = YES;
				COPY_PHASE_STRIP = NO;
				DEBUG_INFORMATION_FORMAT = "dwarf-with-dsym";
				DEFINES_MODULE = YES;
				ENABLE_NS_ASSERTIONS = NO;
				ENABLE_STRICT_OBJC_MSGSEND = YES;
				GCC_C_LANGUAGE_STANDARD = gnu11;
				GCC_NO_COMMON_BLOCKS = YES;
				GCC_WARN_64_TO_32_BIT_CONVERSION = YES;
				GCC_WARN_ABOUT_RETURN_TYPE = YES_ERROR;
				GCC_WARN_UNDECLARED_SELECTOR = YES;
				GCC_WARN_UNINITIALIZED_AUTOS = YES_AGGRESSIVE;
				GCC_WARN_UNUSED_FUNCTION = YES;
				GCC_WARN_UNUSED_VARIABLE = YES;
				IPHONEOS_DEPLOYMENT_TARGET = 16.0;
				MTL_ENABLE_DEBUG_INFO = NO;
				MTL_FAST_MATH = YES;
				SDKROOT = iphoneos;
				SWIFT_COMPILATION_MODE = wholemodule;
				VALIDATE_PRODUCT = YES;
			};
			name = Release;
		};
		90CAAA9E24E71FF10013969F /* Debug */ = {
			isa = XCBuildConfiguration;
			buildSettings = {
				CODE_SIGN_STYLE = Automatic;
				DEFINES_MODULE = YES;
				ENABLE_MODULE_VERIFIER = YES;
				GODOT_DIR = "$(SRCROOT)/godot";
				HEADER_SEARCH_PATHS = (
					"$(inherited)",
					"$(SRCROOT)/src",
				);
				IPHONEOS_DEPLOYMENT_TARGET = 16.0;
				LD_RUNPATH_SEARCH_PATHS = (
					"$(inherited)",
					"@executable_path/Frameworks",
					"@loader_path/Frameworks",
				);
				LIBRARY_SEARCH_PATHS = (
					"$(inherited)",
					"$(GODOT_DIR)/bin",
				);
				MODULE_VERIFIER_SUPPORTED_LANGUAGE_STANDARDS = "gnu11 gnu++17";
				ONLY_ACTIVE_ARCH = YES;
				OTHER_CFLAGS = (
					"-g",
					"-DDEBUG",
					"-DDEBUG_ENABLED",
					"-DDEBUG_MEMORY_ALLOC",
					"-DDISABLE_FORCED_INLINE",
					"-DTYPED_METHOD_BIND",
					"-fmodules",
					"-fobjc-arc",
					"-fmessage-length=0",
					"-fno-strict-aliasing",
					"-fdiagnostics-print-source-range-info",
					"-fdiagnostics-show-category=id",
					"-fdiagnostics-parseable-fixits",
					"-fpascal-strings",
					"-fblocks",
					"-fvisibility=hidden",
					"-MMD",
					"-fno-exceptions",
					"-Wno-ambiguous-macro",
					"-Wall",
					"-Werror=return-type",
					"-DPTRCALL_ENABLED",
				);
				OTHER_CPLUSPLUSFLAGS = (
					"-fcxx-modules",
					"-gdwarf-2",
					"-O0",
					"-DDEBUG_MEMORY_ALLOC",
					"-DDISABLE_FORCED_INLINE",
					"-D_DEBUG",
					"-DDEBUG=1",
					"-DDEBUG_ENABLED",
					"-DVERSION_4_0",
					"-DIOS_ENABLED",
					"-DNEED_LONG_INT",
					"-DLIBYUV_DISABLE_NEON",
					"-DIPHONE_ENABLED",
					"-DUNIX_ENABLED",
					"-DCOREAUDIO_ENABLED",
					"-DAPPLE_EMBEDDED_ENABLED",
					"-isystem",
					"$(GODOT_DIR)",
					"-isystem",
					"$(GODOT_DIR)/drivers/apple_embedded",
					"-isystem",
					"$(GODOT_DIR)/platform/ios",
				);
				OTHER_LDFLAGS = "$(inherited)";
				PRODUCT_MODULE_NAME = native_camera_plugin;
				PRODUCT_NAME = "$(TARGET_NAME)";
				SKIP_INSTALL = YES;
				SWIFT_OBJC_BRIDGING_HEADER = "src/native_camera_plugin-Bridging-Header.h";
				SWIFT_OBJC_INTERFACE_HEADER_NAME = "native_camera_plugin-Swift.h";
				SWIFT_OPTIMIZATION_LEVEL = "-Onone";
				SWIFT_VERSION = 5.9;
				TARGETED_DEVICE_FAMILY = "1,2";
			};
			name = Debug;
		};
		90CAAA9F24E71FF10013969F /* Release */ = {
			isa = XCBuildConfiguration;
			buildSettings = {
				CODE_SIGN_STYLE = Automatic;
				DEFINES_MODULE = YES;
				ENABLE_MODULE_VERIFIER = YES;
				GODOT_DIR = "$(SRCROOT)/godot";
				HEADER_SEARCH_PATHS = (
					"$(inherited)",
					"$(SRCROOT)/src",
				);
				IPHONEOS_DEPLOYMENT_TARGET = 16.0;
				LD_RUNPATH_SEARCH_PATHS = (
					"$(inherited)",
					"@executable_path/Frameworks",
					"@loader_path/Frameworks",
				);
				LIBRARY_SEARCH_PATHS = (
					"$(inherited)",
					"$(GODOT_DIR)/bin",
				);
				MODULE_VERIFIER_SUPPORTED_LANGUAGE_STANDARDS = "gnu11 gnu++17";
				ONLY_ACTIVE_ARCH = YES;
				OTHER_CFLAGS = (
					"-fmodules",
					"-fobjc-arc",
					"-fmessage-length=0",
					"-fno-strict-aliasing",
					"-fdiagnostics-print-source-range-info",
					"-fdiagnostics-show-category=id",
					"-fdiagnostics-parseable-fixits",
					"-fpascal-strings",
					"-fblocks",
					"-fvisibility=hidden",
					"-MMD",
					"-fno-exceptions",
					"-Wno-ambiguous-macro",
					"-Wall",
					"-Werror=return-type",
					"-DPTRCALL_ENABLED",
				);
				OTHER_CPLUSPLUSFLAGS = (
					"-fcxx-modules",
					"-O2",
					"-ftree-vectorize",
					"-DNDEBUG",
					"-DNS_BLOCK_ASSERTIONS=1",
					"-DVERSION_4_0",
					"-DIOS_ENABLED",
					"-DNEED_LONG_INT",
					"-DLIBYUV_DISABLE_NEON",
					"-DIPHONE_ENABLED",
					"-DUNIX_ENABLED",
					"-DCOREAUDIO_ENABLED",
					"-DAPPLE_EMBEDDED_ENABLED",
					"-isystem",
					"$(GODOT_DIR)",
					"-isystem",
					"$(GODOT_DIR)/drivers/apple_embedded",
					"-isystem",
					"$(GODOT_DIR)/platform/ios",
				);
				OTHER_LDFLAGS = "$(inherited)";
				PRODUCT_MODULE_NAME = native_camera_plugin;
				PRODUCT_NAME = "$(TARGET_NAME)";
				SKIP_INSTALL = YES;
				SWIFT_OBJC_BRIDGING_HEADER = "src/native_camera_plugin-Bridging-Header.h";
				SWIFT_OBJC_INTERFACE_HEADER_NAME = "native_camera_plugin-Swift.h";
				SWIFT_VERSION = 5.9;
				TARGETED_DEVICE_FAMILY = "1,2";
			};
			name = Release;
		};
/* End XCBuildConfiguration section */

/* Begin XCConfigurationList section */
		0721C6A72F82629000A9BA75 /* Build configuration list for PBXNativeTarget "native_camera_plugin_tests" */ = {
			isa = XCConfigurationList;
			buildConfigurations = (
				0721C6A52F82629000A9BA75 /* Debug */,
				0721C6A62F82629000A9BA75 /* Release */,
			);
			defaultConfigurationIsVisible = 0;
			defaultConfigurationName = Release;
		};
		90CAAA8F24E71FF10013969F /* Build configuration list for PBXProject "plugin" */ = {
			isa = XCConfigurationList;
			buildConfigurations = (
				90CAAA9B24E71FF10013969F /* Debug */,
				90CAAA9C24E71FF10013969F /* Release */,
			);
			defaultConfigurationIsVisible = 0;
			defaultConfigurationName = Release;
		};
		90CAAA9D24E71FF10013969F /* Build configuration list for PBXNativeTarget "native_camera_plugin" */ = {
			isa = XCConfigurationList;
			buildConfigurations = (
				90CAAA9E24E71FF10013969F /* Debug */,
				90CAAA9F24E71FF10013969F /* Release */,
			);
			defaultConfigurationIsVisible = 0;
			defaultConfigurationName = Release;
		};
/* End XCConfigurationList section */
	};
	rootObject = 90CAAA8C24E71FF10013969F /* Project object */;
}
